Microsoft Visual Studio Solution File, Format Version 12.00
# Visual Studio 14
VisualStudioVersion = 14.0.23107.0
MinimumVisualStudioVersion = 10.0.40219.1
Project("{FAE04EC0-301F-11D3-BF4B-00C04F79EFBC}") = "CM3D2.Chisanu.Manager.Plugin", "CM3D2.Chisanu.Manager.Plugin.csproj", "{A584345F-659E-4D77-9A36-C91A6F4E4F97}"
EndProject
Project("{FAE04EC0-301F-11D3-BF4B-00C04F79EFBC}") = "CM3D2.Chisanu.TouchHentaiMaid.Plugin", "..\CM3D2.Chisanu.TouchHentaiMaid\CM3D2.Chisanu.TouchHentaiMaid.Plugin.csproj", "{771E565B-AF90-4A1B-8862-577583226213}"
EndProject
Global
	GlobalSection(SolutionConfigurationPlatforms) = preSolution
		Debug|Any CPU = Debug|Any CPU
		Release|Any CPU = Release|Any CPU
	EndGlobalSection
	GlobalSection(ProjectConfigurationPlatforms) = postSolution
		{A584345F-659E-4D77-9A36-C91A6F4E4F97}.Debug|Any CPU.ActiveCfg = Debug|Any CPU
		{A584345F-659E-4D77-9A36-C91A6F4E4F97}.Debug|Any CPU.Build.0 = Debug|Any CPU
		{A584345F-659E-4D77-9A36-C91A6F4E4F97}.Release|Any CPU.ActiveCfg = Release|Any CPU
		{A584345F-659E-4D77-9A36-C91A6F4E4F97}.Release|Any CPU.Build.0 = Release|Any CPU
		{771E565B-AF90-4A1B-8862-577583226213}.Debug|Any CPU.ActiveCfg = Debug|Any CPU
		{771E565B-AF90-4A1B-8862-577583226213}.Debug|Any CPU.Build.0 = Debug|Any CPU
		{771E565B-AF90-4A1B-8862-577583226213}.Release|Any CPU.ActiveCfg = Release|Any CPU
		{771E565B-AF90-4A1B-8862-577583226213}.Release|Any CPU.Build.0 = Release|Any CPU
	EndGlobalSection
	GlobalSection(SolutionProperties) = preSolution
		HideSolutionNode = FALSE
	EndGlobalSection
EndGlobal
